// !$*UTF8*$!
{
	archiveVersion = 1;
	classes = {
	};
	objectVersion = 46;
	objects = {

/* Begin PBXBuildFile section */
		182A51961D8E278000679D67 /* main.m in Sources */ = {isa = PBXBuildFile; fileRef = 182A51951D8E278000679D67 /* main.m */; };
		182A51991D8E278000679D67 /* AppDelegate.m in Sources */ = {isa = PBXBuildFile; fileRef = 182A51981D8E278000679D67 /* AppDelegate.m */; };
		182A519C1D8E278000679D67 /* ViewController.m in Sources */ = {isa = PBXBuildFile; fileRef = 182A519B1D8E278000679D67 /* ViewController.m */; };
		182A519F1D8E278000679D67 /* Main.storyboard in Resources */ = {isa = PBXBuildFile; fileRef = 182A519D1D8E278000679D67 /* Main.storyboard */; };
		182A51A11D8E278000679D67 /* Assets.xcassets in Resources */ = {isa = PBXBuildFile; fileRef = 182A51A01D8E278000679D67 /* Assets.xcassets */; };
		182A51A41D8E278000679D67 /* LaunchScreen.storyboard in Resources */ = {isa = PBXBuildFile; fileRef = 182A51A21D8E278000679D67 /* LaunchScreen.storyboard */; };
		182A51AF1D8E278000679D67 /* TimerDemoTests.m in Sources */ = {isa = PBXBuildFile; fileRef = 182A51AE1D8E278000679D67 /* TimerDemoTests.m */; };
		182A51BA1D8E278000679D67 /* TimerDemoUITests.m in Sources */ = {isa = PBXBuildFile; fileRef = 182A51B91D8E278000679D67 /* TimerDemoUITests.m */; };
		182A51CE1D8E284600679D67 /* TimerBtn.m in Sources */ = {isa = PBXBuildFile; fileRef = 182A51CD1D8E284600679D67 /* TimerBtn.m */; };
		182A51DA1D8E30AE00679D67 /* TimerViewController.m in Sources */ = {isa = PBXBuildFile; fileRef = 182A51D91D8E30AE00679D67 /* TimerViewController.m */; };
/* End PBXBuildFile section */

/* Begin PBXContainerItemProxy section */
		182A51AB1D8E278000679D67 /* PBXContainerItemProxy */ = {
			isa = PBXContainerItemProxy;
			containerPortal = 182A51891D8E278000679D67 /* Project object */;
			proxyType = 1;
			remoteGlobalIDString = 182A51901D8E278000679D67;
			remoteInfo = TimerDemo;
		};
		182A51B61D8E278000679D67 /* PBXContainerItemProxy */ = {
			isa = PBXContainerItemProxy;
			containerPortal = 182A51891D8E278000679D67 /* Project object */;
			proxyType = 1;
			remoteGlobalIDString = 182A51901D8E278000679D67;
			remoteInfo = TimerDemo;
		};
/* End PBXContainerItemProxy section */

/* Begin PBXFileReference section */
		182A51911D8E278000679D67 /* TimerDemo.app */ = {isa = PBXFileReference; explicitFileType = wrapper.application; includeInIndex = 0; path = TimerDemo.app; sourceTree = BUILT_PRODUCTS_DIR; };
		182A51951D8E278000679D67 /* main.m */ = {isa = PBXFileReference; lastKnownFileType = sourcecode.c.objc; path = main.m; sourceTree = "<group>"; };
		182A51971D8E278000679D67 /* AppDelegate.h */ = {isa = PBXFileReference; lastKnownFileType = sourcecode.c.h; path = AppDelegate.h; sourceTree = "<group>"; };
		182A51981D8E278000679D67 /* AppDelegate.m */ = {isa = PBXFileReference; lastKnownFileType = sourcecode.c.objc; path = AppDelegate.m; sourceTree = "<group>"; };
		182A519A1D8E278000679D67 /* ViewController.h */ = {isa = PBXFileReference; lastKnownFileType = sourcecode.c.h; path = ViewController.h; sourceTree = "<group>"; };
		182A519B1D8E278000679D67 /* ViewController.m */ = {isa = PBXFileReference; lastKnownFileType = sourcecode.c.objc; path = ViewController.m; sourceTree = "<group>"; };
		182A519E1D8E278000679D67 /* Base */ = {isa = PBXFileReference; lastKnownFileType = file.storyboard; name = Base; path = Base.lproj/Main.storyboard; sourceTree = "<group>"; };
		182A51A01D8E278000679D67 /* Assets.xcassets */ = {isa = PBXFileReference; lastKnownFileType = folder.assetcatalog; path = Assets.xcassets; sourceTree = "<group>"; };
		182A51A31D8E278000679D67 /* Base */ = {isa = PBXFileReference; lastKnownFileType = file.storyboard; name = Base; path = Base.lproj/LaunchScreen.storyboard; sourceTree = "<group>"; };
		182A51A51D8E278000679D67 /* Info.plist */ = {isa = PBXFileReference; lastKnownFileType = text.plist.xml; path = Info.plist; sourceTree = "<group>"; };
		182A51AA1D8E278000679D67 /* TimerDemoTests.xctest */ = {isa = PBXFileReference; explicitFileType = wrapper.cfbundle; includeInIndex = 0; path = TimerDemoTests.xctest; sourceTree = BUILT_PRODUCTS_DIR; };
		182A51AE1D8E278000679D67 /* TimerDemoTests.m */ = {isa = PBXFileReference; lastKnownFileType = sourcecode.c.objc; path = TimerDemoTests.m; sourceTree = "<group>"; };
		182A51B01D8E278000679D67 /* Info.plist */ = {isa = PBXFileReference; lastKnownFileType = text.plist.xml; path = Info.plist; sourceTree = "<group>"; };
		182A51B51D8E278000679D67 /* TimerDemoUITests.xctest */ = {isa = PBXFileReference; explicitFileType = wrapper.cfbundle; includeInIndex = 0; path = TimerDemoUITests.xctest; sourceTree = BUILT_PRODUCTS_DIR; };
		182A51B91D8E278000679D67 /* TimerDemoUITests.m */ = {isa = PBXFileReference; lastKnownFileType = sourcecode.c.objc; path = TimerDemoUITests.m; sourceTree = "<group>"; };
		182A51BB1D8E278000679D67 /* Info.plist */ = {isa = PBXFileReference; lastKnownFileType = text.plist.xml; path = Info.plist; sourceTree = "<group>"; };
		182A51CC1D8E284600679D67 /* TimerBtn.h */ = {isa = PBXFileReference; fileEncoding = 4; lastKnownFileType = sourcecode.c.h; path = TimerBtn.h; sourceTree = "<group>"; };
		182A51CD1D8E284600679D67 /* TimerBtn.m */ = {isa = PBXFileReference; fileEncoding = 4; lastKnownFileType = sourcecode.c.objc; path = TimerBtn.m; sourceTree = "<group>"; };
		182A51D81D8E30AE00679D67 /* TimerViewController.h */ = {isa = PBXFileReference; fileEncoding = 4; lastKnownFileType = sourcecode.c.h; path = TimerViewController.h; sourceTree = "<group>"; };
		182A51D91D8E30AE00679D67 /* TimerViewController.m */ = {isa = PBXFileReference; fileEncoding = 4; lastKnownFileType = sourcecode.c.objc; path = TimerViewController.m; sourceTree = "<group>"; };
/* End PBXFileReference section */

/* Begin PBXFrameworksBuildPhase section */
		182A518E1D8E278000679D67 /* Frameworks */ = {
			isa = PBXFrameworksBuildPhase;
			buildActionMask = 2147483647;
			files = (
			);
			runOnlyForDeploymentPostprocessing = 0;
		};
		182A51A71D8E278000679D67 /* Frameworks */ = {
			isa = PBXFrameworksBuildPhase;
			buildActionMask = 2147483647;
			files = (
			);
			runOnlyForDeploymentPostprocessing = 0;
		};
		182A51B21D8E278000679D67 /* Frameworks */ = {
			isa = PBXFrameworksBuildPhase;
			buildActionMask = 2147483647;
			files = (
			);
			runOnlyForDeploymentPostprocessing = 0;
		};
/* End PBXFrameworksBuildPhase section */

/* Begin PBXGroup section */
		182A51881D8E278000679D67 = {
			isa = PBXGroup;
			children = (
				182A51931D8E278000679D67 /* TimerDemo */,
				182A51AD1D8E278000679D67 /* TimerDemoTests */,
				182A51B81D8E278000679D67 /* TimerDemoUITests */,
				182A51921D8E278000679D67 /* Products */,
			);
			sourceTree = "<group>";
		};
		182A51921D8E278000679D67 /* Products */ = {
			isa = PBXGroup;
			children = (
				182A51911D8E278000679D67 /* TimerDemo.app */,
				182A51AA1D8E278000679D67 /* TimerDemoTests.xctest */,
				182A51B51D8E278000679D67 /* TimerDemoUITests.xctest */,
			);
			name = Products;
			sourceTree = "<group>";
		};
		182A51931D8E278000679D67 /* TimerDemo */ = {
			isa = PBXGroup;
			children = (
				182A51971D8E278000679D67 /* AppDelegate.h */,
				182A51981D8E278000679D67 /* AppDelegate.m */,
				182A519A1D8E278000679D67 /* ViewController.h */,
				182A519B1D8E278000679D67 /* ViewController.m */,
				182A51CC1D8E284600679D67 /* TimerBtn.h */,
				182A51CD1D8E284600679D67 /* TimerBtn.m */,
				182A51D81D8E30AE00679D67 /* TimerViewController.h */,
				182A51D91D8E30AE00679D67 /* TimerViewController.m */,
				182A519D1D8E278000679D67 /* Main.storyboard */,
				182A51A01D8E278000679D67 /* Assets.xcassets */,
				182A51A21D8E278000679D67 /* LaunchScreen.storyboard */,
				182A51A51D8E278000679D67 /* Info.plist */,
				182A51941D8E278000679D67 /* Supporting Files */,
			);
			path = TimerDemo;
			sourceTree = "<group>";
		};
		182A51941D8E278000679D67 /* Supporting Files */ = {
			isa = PBXGroup;
			children = (
				182A51951D8E278000679D67 /* main.m */,
			);
			name = "Supporting Files";
			sourceTree = "<group>";
		};
		182A51AD1D8E278000679D67 /* TimerDemoTests */ = {
			isa = PBXGroup;
			children = (
				182A51AE1D8E278000679D67 /* TimerDemoTests.m */,
				182A51B01D8E278000679D67 /* Info.plist */,
			);
			path = TimerDemoTests;
			sourceTree = "<group>";
		};
		182A51B81D8E278000679D67 /* TimerDemoUITests */ = {
			isa = PBXGroup;
			children = (
				182A51B91D8E278000679D67 /* TimerDemoUITests.m */,
				182A51BB1D8E278000679D67 /* Info.plist */,
			);
			path = TimerDemoUITests;
			sourceTree = "<group>";
		};
/* End PBXGroup section */

/* Begin PBXNativeTarget section */
		182A51901D8E278000679D67 /* TimerDemo */ = {
			isa = PBXNativeTarget;
			buildConfigurationList = 182A51BE1D8E278000679D67 /* Build configuration list for PBXNativeTarget "TimerDemo" */;
			buildPhases = (
				182A518D1D8E278000679D67 /* Sources */,
				182A518E1D8E278000679D67 /* Frameworks */,
				182A518F1D8E278000679D67 /* Resources */,
			);
			buildRules = (
			);
			dependencies = (
			);
			name = TimerDemo;
			productName = TimerDemo;
			productReference = 182A51911D8E278000679D67 /* TimerDemo.app */;
			productType = "com.apple.product-type.application";
		};
		182A51A91D8E278000679D67 /* TimerDemoTests */ = {
			isa = PBXNativeTarget;
			buildConfigurationList = 182A51C11D8E278000679D67 /* Build configuration list for PBXNativeTarget "TimerDemoTests" */;
			buildPhases = (
				182A51A61D8E278000679D67 /* Sources */,
				182A51A71D8E278000679D67 /* Frameworks */,
				182A51A81D8E278000679D67 /* Resources */,
			);
			buildRules = (
			);
			dependencies = (
				182A51AC1D8E278000679D67 /* PBXTargetDependency */,
			);
			name = TimerDemoTests;
			productName = TimerDemoTests;
			productReference = 182A51AA1D8E278000679D67 /* TimerDemoTests.xctest */;
			productType = "com.apple.product-type.bundle.unit-test";
		};
		182A51B41D8E278000679D67 /* TimerDemoUITests */ = {
			isa = PBXNativeTarget;
			buildConfigurationList = 182A51C41D8E278000679D67 /* Build configuration list for PBXNativeTarget "TimerDemoUITests" */;
			buildPhases = (
				182A51B11D8E278000679D67 /* Sources */,
				182A51B21D8E278000679D67 /* Frameworks */,
				182A51B31D8E278000679D67 /* Resources */,
			);
			buildRules = (
			);
			dependencies = (
				182A51B71D8E278000679D67 /* PBXTargetDependency */,
			);
			name = TimerDemoUITests;
			productName = TimerDemoUITests;
			productReference = 182A51B51D8E278000679D67 /* TimerDemoUITests.xctest */;
			productType = "com.apple.product-type.bundle.ui-testing";
		};
/* End PBXNativeTarget section */

/* Begin PBXProject section */
		182A51891D8E278000679D67 /* Project object */ = {
			isa = PBXProject;
			attributes = {
				LastUpgradeCheck = 0730;
				ORGANIZATIONNAME = "吕东";
				TargetAttributes = {
					182A51901D8E278000679D67 = {
						CreatedOnToolsVersion = 7.3.1;
					};
					182A51A91D8E278000679D67 = {
						CreatedOnToolsVersion = 7.3.1;
						TestTargetID = 182A51901D8E278000679D67;
					};
					182A51B41D8E278000679D67 = {
						CreatedOnToolsVersion = 7.3.1;
						TestTargetID = 182A51901D8E278000679D67;
					};
				};
			};
			buildConfigurationList = 182A518C1D8E278000679D67 /* Build configuration list for PBXProject "TimerDemo" */;
			compatibilityVersion = "Xcode 3.2";
			developmentRegion = English;
			hasScannedForEncodings = 0;
			knownRegions = (
				en,
				Base,
			);
			mainGroup = 182A51881D8E278000679D67;
			productRefGroup = 182A51921D8E278000679D67 /* Products */;
			projectDirPath = "";
			projectRoot = "";
			targets = (
				182A51901D8E278000679D67 /* TimerDemo */,
				182A51A91D8E278000679D67 /* TimerDemoTests */,
				182A51B41D8E278000679D67 /* TimerDemoUITests */,
			);
		};
/* End PBXProject section */

/* Begin PBXResourcesBuildPhase section */
		182A518F1D8E278000679D67 /* Resources */ = {
			isa = PBXResourcesBuildPhase;
			buildActionMask = 2147483647;
			files = (
				182A51A41D8E278000679D67 /* LaunchScreen.storyboard in Resources */,
				182A51A11D8E278000679D67 /* Assets.xcassets in Resources */,
				182A519F1D8E278000679D67 /* Main.storyboard in Resources */,
			);
			runOnlyForDeploymentPostprocessing = 0;
		};
		182A51A81D8E278000679D67 /* Resources */ = {
			isa = PBXResourcesBuildPhase;
			buildActionMask = 2147483647;
			files = (
			);
			runOnlyForDeploymentPostprocessing = 0;
		};
		182A51B31D8E278000679D67 /* Resources */ = {
			isa = PBXResourcesBuildPhase;
			buildActionMask = 2147483647;
			files = (
			);
			runOnlyForDeploymentPostprocessing = 0;
		};
/* End PBXResourcesBuildPhase section */

/* Begin PBXSourcesBuildPhase section */
		182A518D1D8E278000679D67 /* Sources */ = {
			isa = PBXSourcesBuildPhase;
			buildActionMask = 2147483647;
			files = (
				182A519C1D8E278000679D67 /* ViewController.m in Sources */,
				182A51991D8E278000679D67 /* AppDelegate.m in Sources */,
				182A51DA1D8E30AE00679D67 /* TimerViewController.m in Sources */,
				182A51CE1D8E284600679D67 /* TimerBtn.m in Sources */,
				182A51961D8E278000679D67 /* main.m in Sources */,
			);
			runOnlyForDeploymentPostprocessing = 0;
		};
		182A51A61D8E278000679D67 /* Sources */ = {
			isa = PBXSourcesBuildPhase;
			buildActionMask = 2147483647;
			files = (
				182A51AF1D8E278000679D67 /* TimerDemoTests.m in Sources */,
			);
			runOnlyForDeploymentPostprocessing = 0;
		};
		182A51B11D8E278000679D67 /* Sources */ = {
			isa = PBXSourcesBuildPhase;
			buildActionMask = 2147483647;
			files = (
				182A51BA1D8E278000679D67 /* TimerDemoUITests.m in Sources */,
			);
			runOnlyForDeploymentPostprocessing = 0;
		};
/* End PBXSourcesBuildPhase section */

/* Begin PBXTargetDependency section */
		182A51AC1D8E278000679D67 /* PBXTargetDependency */ = {
			isa = PBXTargetDependency;
			target = 182A51901D8E278000679D67 /* TimerDemo */;
			targetProxy = 182A51AB1D8E278000679D67 /* PBXContainerItemProxy */;
		};
		182A51B71D8E278000679D67 /* PBXTargetDependency */ = {
			isa = PBXTargetDependency;
			target = 182A51901D8E278000679D67 /* TimerDemo */;
			targetProxy = 182A51B61D8E278000679D67 /* PBXContainerItemProxy */;
		};
/* End PBXTargetDependency section */

/* Begin PBXVariantGroup section */
		182A519D1D8E278000679D67 /* Main.storyboard */ = {
			isa = PBXVariantGroup;
			children = (
				182A519E1D8E278000679D67 /* Base */,
			);
			name = Main.storyboard;
			sourceTree = "<group>";
		};
		182A51A21D8E278000679D67 /* LaunchScreen.storyboard */ = {
			isa = PBXVariantGroup;
			children = (
				182A51A31D8E278000679D67 /* Base */,
			);
			name = LaunchScreen.storyboard;
			sourceTree = "<group>";
		};
/* End PBXVariantGroup section */

/* Begin XCBuildConfiguration section */
		182A51BC1D8E278000679D67 /* Debug */ = {
			isa = XCBuildConfiguration;
			buildSettings = {
				ALWAYS_SEARCH_USER_PATHS = NO;
				CLANG_ANALYZER_NONNULL = YES;
				CLANG_CXX_LANGUAGE_STANDARD = "gnu++0x";
				CLANG_CXX_LIBRARY = "libc++";
				CLANG_ENABLE_MODULES = YES;
				CLANG_ENABLE_OBJC_ARC = YES;
				CLANG_WARN_BOOL_CONVERSION = YES;
				CLANG_WARN_CONSTANT_CONVERSION = YES;
				CLANG_WARN_DIRECT_OBJC_ISA_USAGE = YES_ERROR;
				CLANG_WARN_EMPTY_BODY = YES;
				CLANG_WARN_ENUM_CONVERSION = YES;
				CLANG_WARN_INT_CONVERSION = YES;
				CLANG_WARN_OBJC_ROOT_CLASS = YES_ERROR;
				CLANG_WARN_UNREACHABLE_CODE = YES;
				CLANG_WARN__DUPLICATE_METHOD_MATCH = YES;
				"CODE_SIGN_IDENTITY[sdk=iphoneos*]" = "iPhone Developer";
				COPY_PHASE_STRIP = NO;
				DEBUG_INFORMATION_FORMAT = dwarf;
				ENABLE_STRICT_OBJC_MSGSEND = YES;
				ENABLE_TESTABILITY = YES;
				GCC_C_LANGUAGE_STANDARD = gnu99;
				GCC_DYNAMIC_NO_PIC = NO;
				GCC_NO_COMMON_BLOCKS = YES;
				GCC_OPTIMIZATION_LEVEL = 0;
				GCC_PREPROCESSOR_DEFINITIONS = (
					"DEBUG=1",
					"$(inherited)",
				);
				GCC_WARN_64_TO_32_BIT_CONVERSION = YES;
				GCC_WARN_ABOUT_RETURN_TYPE = YES_ERROR;
				GCC_WARN_UNDECLARED_SELECTOR = YES;
				GCC_WARN_UNINITIALIZED_AUTOS = YES_AGGRESSIVE;
				GCC_WARN_UNUSED_FUNCTION = YES;
				GCC_WARN_UNUSED_VARIABLE = YES;
				IPHONEOS_DEPLOYMENT_TARGET = 9.3;
				MTL_ENABLE_DEBUG_INFO = YES;
				ONLY_ACTIVE_ARCH = YES;
				SDKROOT = iphoneos;
			};
			name = Debug;
		};
		182A51BD1D8E278000679D67 /* Release */ = {
			isa = XCBuildConfiguration;
			buildSettings = {
				ALWAYS_SEARCH_USER_PATHS = NO;
				CLANG_ANALYZER_NONNULL = YES;
				CLANG_CXX_LANGUAGE_STANDARD = "gnu++0x";
				CLANG_CXX_LIBRARY = "libc++";
				CLANG_ENABLE_MODULES = YES;
				CLANG_ENABLE_OBJC_ARC = YES;
				CLANG_WARN_BOOL_CONVERSION = YES;
				CLANG_WARN_CONSTANT_CONVERSION = YES;
				CLANG_WARN_DIRECT_OBJC_ISA_USAGE = YES_ERROR;
				CLANG_WARN_EMPTY_BODY = YES;
				CLANG_WARN_ENUM_CONVERSION = YES;
				CLANG_WARN_INT_CONVERSION = YES;
				CLANG_WARN_OBJC_ROOT_CLASS = YES_ERROR;
				CLANG_WARN_UNREACHABLE_CODE = YES;
				CLANG_WARN__DUPLICATE_METHOD_MATCH = YES;
				"CODE_SIGN_IDENTITY[sdk=iphoneos*]" = "iPhone Developer";
				COPY_PHASE_STRIP = NO;
				DEBUG_INFORMATION_FORMAT = "dwarf-with-dsym";
				ENABLE_NS_ASSERTIONS = NO;
				ENABLE_STRICT_OBJC_MSGSEND = YES;
				GCC_C_LANGUAGE_STANDARD = gnu99;
				GCC_NO_COMMON_BLOCKS = YES;
				GCC_WARN_64_TO_32_BIT_CONVERSION = YES;
				GCC_WARN_ABOUT_RETURN_TYPE = YES_ERROR;
				GCC_WARN_UNDECLARED_SELECTOR = YES;
				GCC_WARN_UNINITIALIZED_AUTOS = YES_AGGRESSIVE;
				GCC_WARN_UNUSED_FUNCTION = YES;
				GCC_WARN_UNUSED_VARIABLE = YES;
				IPHONEOS_DEPLOYMENT_TARGET = 9.3;
				MTL_ENABLE_DEBUG_INFO = NO;
				SDKROOT = iphoneos;
				VALIDATE_PRODUCT = YES;
			};
			name = Release;
		};
		182A51BF1D8E278000679D67 /* Debug */ = {
			isa = XCBuildConfiguration;
			buildSettings = {
				ASSETCATALOG_COMPILER_APPICON_NAME = AppIcon;
				INFOPLIST_FILE = TimerDemo/Info.plist;
				LD_RUNPATH_SEARCH_PATHS = "$(inherited) @executable_path/Frameworks";
				PRODUCT_BUNDLE_IDENTIFIER = "--.TimerDemo";
				PRODUCT_NAME = "$(TARGET_NAME)";
			};
			name = Debug;
		};
		182A51C01D8E278000679D67 /* Release */ = {
			isa = XCBuildConfiguration;
			buildSettings = {
				ASSETCATALOG_COMPILER_APPICON_NAME = AppIcon;
				INFOPLIST_FILE = TimerDemo/Info.plist;
				LD_RUNPATH_SEARCH_PATHS = "$(inherited) @executable_path/Frameworks";
				PRODUCT_BUNDLE_IDENTIFIER = "--.TimerDemo";
				PRODUCT_NAME = "$(TARGET_NAME)";
			};
			name = Release;
		};
		182A51C21D8E278000679D67 /* Debug */ = {
			isa = XCBuildConfiguration;
			buildSettings = {
				BUNDLE_LOADER = "$(TEST_HOST)";
				INFOPLIST_FILE = TimerDemoTests/Info.plist;
				LD_RUNPATH_SEARCH_PATHS = "$(inherited) @executable_path/Frameworks @loader_path/Frameworks";
				PRODUCT_BUNDLE_IDENTIFIER = "--.TimerDemoTests";
				PRODUCT_NAME = "$(TARGET_NAME)";
				TEST_HOST = "$(BUILT_PRODUCTS_DIR)/TimerDemo.app/TimerDemo";
			};
			name = Debug;
		};
		182A51C31D8E278000679D67 /* Release */ = {
			isa = XCBuildConfiguration;
			buildSettings = {
				BUNDLE_LOADER = "$(TEST_HOST)";
				INFOPLIST_FILE = TimerDemoTests/Info.plist;
				LD_RUNPATH_SEARCH_PATHS = "$(inherited) @executable_path/Frameworks @loader_path/Frameworks";
				PRODUCT_BUNDLE_IDENTIFIER = "--.TimerDemoTests";
				PRODUCT_NAME = "$(TARGET_NAME)";
				TEST_HOST = "$(BUILT_PRODUCTS_DIR)/TimerDemo.app/TimerDemo";
			};
			name = Release;
		};
		182A51C51D8E278000679D67 /* Debug */ = {
			isa = XCBuildConfiguration;
			buildSettings = {
				INFOPLIST_FILE = TimerDemoUITests/Info.plist;
				LD_RUNPATH_SEARCH_PATHS = "$(inherited) @executable_path/Frameworks @loader_path/Frameworks";
				PRODUCT_BUNDLE_IDENTIFIER = "--.TimerDemoUITests";
				PRODUCT_NAME = "$(TARGET_NAME)";
				TEST_TARGET_NAME = TimerDemo;
			};
			name = Debug;
		};
		182A51C61D8E278000679D67 /* Release */ = {
			isa = XCBuildConfiguration;
			buildSettings = {
				INFOPLIST_FILE = TimerDemoUITests/Info.plist;
				LD_RUNPATH_SEARCH_PATHS = "$(inherited) @executable_path/Frameworks @loader_path/Frameworks";
				PRODUCT_BUNDLE_IDENTIFIER = "--.TimerDemoUITests";
				PRODUCT_NAME = "$(TARGET_NAME)";
				TEST_TARGET_NAME = TimerDemo;
			};
			name = Release;
		};
/* End XCBuildConfiguration section */

/* Begin XCConfigurationList section */
		182A518C1D8E278000679D67 /* Build configuration list for PBXProject "TimerDemo" */ = {
			isa = XCConfigurationList;
			buildConfigurations = (
				182A51BC1D8E278000679D67 /* Debug */,
				182A51BD1D8E278000679D67 /* Release */,
			);
			defaultConfigurationIsVisible = 0;
			defaultConfigurationName = Release;
		};
		182A51BE1D8E278000679D67 /* Build configuration list for PBXNativeTarget "TimerDemo" */ = {
			isa = XCConfigurationList;
			buildConfigurations = (
				182A51BF1D8E278000679D67 /* Debug */,
				182A51C01D8E278000679D67 /* Release */,
			);
			defaultConfigurationIsVisible = 0;
		};
		182A51C11D8E278000679D67 /* Build configuration list for PBXNativeTarget "TimerDemoTests" */ = {
			isa = XCConfigurationList;
			buildConfigurations = (
				182A51C21D8E278000679D67 /* Debug */,
				182A51C31D8E278000679D67 /* Release */,
			);
			defaultConfigurationIsVisible = 0;
		};
		182A51C41D8E278000679D67 /* Build configuration list for PBXNativeTarget "TimerDemoUITests" */ = {
			isa = XCConfigurationList;
			buildConfigurations = (
				182A51C51D8E278000679D67 /* Debug */,
				182A51C61D8E278000679D67 /* Release */,
			);
			defaultConfigurationIsVisible = 0;
		};
/* End XCConfigurationList section */
	};
	rootObject = 182A51891D8E278000679D67 /* Project object */;
}
